
Microsoft Visual Studio Solution File, Format Version 12.00
# Visual Studio 2012
# SharpDevelop 5.1
VisualStudioVersion = 12.0.20827.3
MinimumVisualStudioVersion = 10.0.40219.1
Project("{FAE04EC0-301F-11D3-BF4B-00C04F79EFBC}") = "Tag_Name", "Tag_Name.csproj", "{65B69296-4BF8-492C-90C0-0C0BC2A487A0}"
EndProject
Project("{FAE04EC0-301F-11D3-BF4B-00C04F79EFBC}") = "DrawAtForm", "..\..\..\Desktop\DrawAtForm-master\DrawAtForm.csproj", "{415C2C0F-A21F-4758-A796-0AB3EFC52306}"
EndProject
Project("{FAE04EC0-301F-11D3-BF4B-00C04F79EFBC}") = "adw", "..\..\..\adw\adw.csproj", "{B463C07F-1C74-4751-989E-B302F7E545DA}"
EndProject
Global
	GlobalSection(SolutionConfigurationPlatforms) = preSolution
		Debug|Any CPU = Debug|Any CPU
		Release|Any CPU = Release|Any CPU
	EndGlobalSection
	GlobalSection(ProjectConfigurationPlatforms) = postSolution
		{65B69296-4BF8-492C-90C0-0C0BC2A487A0}.Debug|Any CPU.ActiveCfg = Debug|Any CPU
		{65B69296-4BF8-492C-90C0-0C0BC2A487A0}.Debug|Any CPU.Build.0 = Debug|Any CPU
		{65B69296-4BF8-492C-90C0-0C0BC2A487A0}.Release|Any CPU.ActiveCfg = Release|Any CPU
		{65B69296-4BF8-492C-90C0-0C0BC2A487A0}.Release|Any CPU.Build.0 = Release|Any CPU
		{415C2C0F-A21F-4758-A796-0AB3EFC52306}.Debug|Any CPU.ActiveCfg = Debug|Any CPU
		{415C2C0F-A21F-4758-A796-0AB3EFC52306}.Debug|Any CPU.Build.0 = Debug|Any CPU
		{415C2C0F-A21F-4758-A796-0AB3EFC52306}.Release|Any CPU.ActiveCfg = Release|Any CPU
		{415C2C0F-A21F-4758-A796-0AB3EFC52306}.Release|Any CPU.Build.0 = Release|Any CPU
		{B463C07F-1C74-4751-989E-B302F7E545DA}.Debug|Any CPU.ActiveCfg = Debug|Any CPU
		{B463C07F-1C74-4751-989E-B302F7E545DA}.Debug|Any CPU.Build.0 = Debug|Any CPU
		{B463C07F-1C74-4751-989E-B302F7E545DA}.Release|Any CPU.ActiveCfg = Release|Any CPU
		{B463C07F-1C74-4751-989E-B302F7E545DA}.Release|Any CPU.Build.0 = Release|Any CPU
	EndGlobalSection
EndGlobal
